// !$*UTF8*$!
{
	archiveVersion = 1;
	classes = {
	};
	objectVersion = 48;
	objects = {

/* Begin PBXBuildFile section */
		4C5BF773202CB3F400493A9F /* AppDelegate.swift in Sources */ = {isa = PBXBuildFile; fileRef = 4C5BF772202CB3F400493A9F /* AppDelegate.swift */; };
		4C5BF775202CB3F400493A9F /* GameScene.sks in Resources */ = {isa = PBXBuildFile; fileRef = 4C5BF774202CB3F400493A9F /* GameScene.sks */; };
		4C5BF777202CB3F400493A9F /* Actions.sks in Resources */ = {isa = PBXBuildFile; fileRef = 4C5BF776202CB3F400493A9F /* Actions.sks */; };
		4C5BF779202CB3F400493A9F /* GameScene.swift in Sources */ = {isa = PBXBuildFile; fileRef = 4C5BF778202CB3F400493A9F /* GameScene.swift */; };
		4C5BF77B202CB3F400493A9F /* ViewController.swift in Sources */ = {isa = PBXBuildFile; fileRef = 4C5BF77A202CB3F400493A9F /* ViewController.swift */; };
		4C5BF77D202CB3F400493A9F /* Assets.xcassets in Resources */ = {isa = PBXBuildFile; fileRef = 4C5BF77C202CB3F400493A9F /* Assets.xcassets */; };
		4C5BF780202CB3F400493A9F /* Main.storyboard in Resources */ = {isa = PBXBuildFile; fileRef = 4C5BF77E202CB3F400493A9F /* Main.storyboard */; };
/* End PBXBuildFile section */

/* Begin PBXFileReference section */
		4C5BF76F202CB3F400493A9F /* RepoDemo.app */ = {isa = PBXFileReference; explicitFileType = wrapper.application; includeInIndex = 0; path = RepoDemo.app; sourceTree = BUILT_PRODUCTS_DIR; };
		4C5BF772202CB3F400493A9F /* AppDelegate.swift */ = {isa = PBXFileReference; lastKnownFileType = sourcecode.swift; path = AppDelegate.swift; sourceTree = "<group>"; };
		4C5BF774202CB3F400493A9F /* GameScene.sks */ = {isa = PBXFileReference; lastKnownFileType = file.sks; path = GameScene.sks; sourceTree = "<group>"; };
		4C5BF776202CB3F400493A9F /* Actions.sks */ = {isa = PBXFileReference; lastKnownFileType = file.sks; path = Actions.sks; sourceTree = "<group>"; };
		4C5BF778202CB3F400493A9F /* GameScene.swift */ = {isa = PBXFileReference; lastKnownFileType = sourcecode.swift; path = GameScene.swift; sourceTree = "<group>"; };
		4C5BF77A202CB3F400493A9F /* ViewController.swift */ = {isa = PBXFileReference; lastKnownFileType = sourcecode.swift; path = ViewController.swift; sourceTree = "<group>"; };
		4C5BF77C202CB3F400493A9F /* Assets.xcassets */ = {isa = PBXFileReference; lastKnownFileType = folder.assetcatalog; path = Assets.xcassets; sourceTree = "<group>"; };
		4C5BF77F202CB3F400493A9F /* Base */ = {isa = PBXFileReference; lastKnownFileType = file.storyboard; name = Base; path = Base.lproj/Main.storyboard; sourceTree = "<group>"; };
		4C5BF781202CB3F400493A9F /* Info.plist */ = {isa = PBXFileReference; lastKnownFileType = text.plist.xml; path = Info.plist; sourceTree = "<group>"; };
		4C5BF782202CB3F400493A9F /* RepoDemo.entitlements */ = {isa = PBXFileReference; lastKnownFileType = text.plist.entitlements; path = RepoDemo.entitlements; sourceTree = "<group>"; };
/* End PBXFileReference section */

/* Begin PBXFrameworksBuildPhase section */
		4C5BF76C202CB3F400493A9F /* Frameworks */ = {
			isa = PBXFrameworksBuildPhase;
			buildActionMask = 2147483647;
			files = (
			);
			runOnlyForDeploymentPostprocessing = 0;
		};
/* End PBXFrameworksBuildPhase section */

/* Begin PBXGroup section */
		4C5BF766202CB3F300493A9F = {
			isa = PBXGroup;
			children = (
				4C5BF771202CB3F400493A9F /* RepoDemo */,
				4C5BF770202CB3F400493A9F /* Products */,
			);
			sourceTree = "<group>";
		};
		4C5BF770202CB3F400493A9F /* Products */ = {
			isa = PBXGroup;
			children = (
				4C5BF76F202CB3F400493A9F /* RepoDemo.app */,
			);
			name = Products;
			sourceTree = "<group>";
		};
		4C5BF771202CB3F400493A9F /* RepoDemo */ = {
			isa = PBXGroup;
			children = (
				4C5BF772202CB3F400493A9F /* AppDelegate.swift */,
				4C5BF774202CB3F400493A9F /* GameScene.sks */,
				4C5BF776202CB3F400493A9F /* Actions.sks */,
				4C5BF778202CB3F400493A9F /* GameScene.swift */,
				4C5BF77A202CB3F400493A9F /* ViewController.swift */,
				4C5BF77C202CB3F400493A9F /* Assets.xcassets */,
				4C5BF77E202CB3F400493A9F /* Main.storyboard */,
				4C5BF781202CB3F400493A9F /* Info.plist */,
				4C5BF782202CB3F400493A9F /* RepoDemo.entitlements */,
			);
			path = RepoDemo;
			sourceTree = "<group>";
		};
/* End PBXGroup section */

/* Begin PBXNativeTarget section */
		4C5BF76E202CB3F400493A9F /* RepoDemo */ = {
			isa = PBXNativeTarget;
			buildConfigurationList = 4C5BF785202CB3F400493A9F /* Build configuration list for PBXNativeTarget "RepoDemo" */;
			buildPhases = (
				4C5BF76B202CB3F400493A9F /* Sources */,
				4C5BF76C202CB3F400493A9F /* Frameworks */,
				4C5BF76D202CB3F400493A9F /* Resources */,
			);
			buildRules = (
			);
			dependencies = (
			);
			name = RepoDemo;
			productName = RepoDemo;
			productReference = 4C5BF76F202CB3F400493A9F /* RepoDemo.app */;
			productType = "com.apple.product-type.application";
		};
/* End PBXNativeTarget section */

/* Begin PBXProject section */
		4C5BF767202CB3F400493A9F /* Project object */ = {
			isa = PBXProject;
			attributes = {
				LastSwiftUpdateCheck = 0920;
				LastUpgradeCheck = 0920;
				ORGANIZATIONNAME = "Michael Kroth";
				TargetAttributes = {
					4C5BF76E202CB3F400493A9F = {
						CreatedOnToolsVersion = 9.2;
						ProvisioningStyle = Automatic;
					};
				};
			};
			buildConfigurationList = 4C5BF76A202CB3F400493A9F /* Build configuration list for PBXProject "RepoDemo" */;
			compatibilityVersion = "Xcode 8.0";
			developmentRegion = en;
			hasScannedForEncodings = 0;
			knownRegions = (
				en,
				Base,
			);
			mainGroup = 4C5BF766202CB3F300493A9F;
			productRefGroup = 4C5BF770202CB3F400493A9F /* Products */;
			projectDirPath = "";
			projectRoot = "";
			targets = (
				4C5BF76E202CB3F400493A9F /* RepoDemo */,
			);
		};
/* End PBXProject section */

/* Begin PBXResourcesBuildPhase section */
		4C5BF76D202CB3F400493A9F /* Resources */ = {
			isa = PBXResourcesBuildPhase;
			buildActionMask = 2147483647;
			files = (
				4C5BF775202CB3F400493A9F /* GameScene.sks in Resources */,
				4C5BF77D202CB3F400493A9F /* Assets.xcassets in Resources */,
				4C5BF777202CB3F400493A9F /* Actions.sks in Resources */,
				4C5BF780202CB3F400493A9F /* Main.storyboard in Resources */,
			);
			runOnlyForDeploymentPostprocessing = 0;
		};
/* End PBXResourcesBuildPhase section */

/* Begin PBXSourcesBuildPhase section */
		4C5BF76B202CB3F400493A9F /* Sources */ = {
			isa = PBXSourcesBuildPhase;
			buildActionMask = 2147483647;
			files = (
				4C5BF77B202CB3F400493A9F /* ViewController.swift in Sources */,
				4C5BF779202CB3F400493A9F /* GameScene.swift in Sources */,
				4C5BF773202CB3F400493A9F /* AppDelegate.swift in Sources */,
			);
			runOnlyForDeploymentPostprocessing = 0;
		};
/* End PBXSourcesBuildPhase section */

/* Begin PBXVariantGroup section */
		4C5BF77E202CB3F400493A9F /* Main.storyboard */ = {
			isa = PBXVariantGroup;
			children = (
				4C5BF77F202CB3F400493A9F /* Base */,
			);
			name = Main.storyboard;
			sourceTree = "<group>";
		};
/* End PBXVariantGroup section */

/* Begin XCBuildConfiguration section */
		4C5BF783202CB3F400493A9F /* Debug */ = {
			isa = XCBuildConfiguration;
			buildSettings = {
				ALWAYS_SEARCH_USER_PATHS = NO;
				CLANG_ANALYZER_NONNULL = YES;
				CLANG_ANALYZER_NUMBER_OBJECT_CONVERSION = YES_AGGRESSIVE;
				CLANG_CXX_LANGUAGE_STANDARD = "gnu++14";
				CLANG_CXX_LIBRARY = "libc++";
				CLANG_ENABLE_MODULES = YES;
				CLANG_ENABLE_OBJC_ARC = YES;
				CLANG_WARN_BLOCK_CAPTURE_AUTORELEASING = YES;
				CLANG_WARN_BOOL_CONVERSION = YES;
				CLANG_WARN_COMMA = YES;
				CLANG_WARN_CONSTANT_CONVERSION = YES;
				CLANG_WARN_DIRECT_OBJC_ISA_USAGE = YES_ERROR;
				CLANG_WARN_DOCUMENTATION_COMMENTS = YES;
				CLANG_WARN_EMPTY_BODY = YES;
				CLANG_WARN_ENUM_CONVERSION = YES;
				CLANG_WARN_INFINITE_RECURSION = YES;
				CLANG_WARN_INT_CONVERSION = YES;
				CLANG_WARN_NON_LITERAL_NULL_CONVERSION = YES;
				CLANG_WARN_OBJC_LITERAL_CONVERSION = YES;
				CLANG_WARN_OBJC_ROOT_CLASS = YES_ERROR;
				CLANG_WARN_RANGE_LOOP_ANALYSIS = YES;
				CLANG_WARN_STRICT_PROTOTYPES = YES;
				CLANG_WARN_SUSPICIOUS_MOVE = YES;
				CLANG_WARN_UNGUARDED_AVAILABILITY = YES_AGGRESSIVE;
				CLANG_WARN_UNREACHABLE_CODE = YES;
				CLANG_WARN__DUPLICATE_METHOD_MATCH = YES;
				CODE_SIGN_IDENTITY = "Mac Developer";
				COPY_PHASE_STRIP = NO;
				DEBUG_INFORMATION_FORMAT = dwarf;
				ENABLE_STRICT_OBJC_MSGSEND = YES;
				ENABLE_TESTABILITY = YES;
				GCC_C_LANGUAGE_STANDARD = gnu11;
				GCC_DYNAMIC_NO_PIC = NO;
				GCC_NO_COMMON_BLOCKS = YES;
				GCC_OPTIMIZATION_LEVEL = 0;
				GCC_PREPROCESSOR_DEFINITIONS = (
					"DEBUG=1",
					"$(inherited)",
				);
				GCC_WARN_64_TO_32_BIT_CONVERSION = YES;
				GCC_WARN_ABOUT_RETURN_TYPE = YES_ERROR;
				GCC_WARN_UNDECLARED_SELECTOR = YES;
				GCC_WARN_UNINITIALIZED_AUTOS = YES_AGGRESSIVE;
				GCC_WARN_UNUSED_FUNCTION = YES;
				GCC_WARN_UNUSED_VARIABLE = YES;
				MACOSX_DEPLOYMENT_TARGET = 10.13;
				MTL_ENABLE_DEBUG_INFO = YES;
				ONLY_ACTIVE_ARCH = YES;
				SDKROOT = macosx;
				SWIFT_ACTIVE_COMPILATION_CONDITIONS = DEBUG;
				SWIFT_OPTIMIZATION_LEVEL = "-Onone";
			};
			name = Debug;
		};
		4C5BF784202CB3F400493A9F /* Release */ = {
			isa = XCBuildConfiguration;
			buildSettings = {
				ALWAYS_SEARCH_USER_PATHS = NO;
				CLANG_ANALYZER_NONNULL = YES;
				CLANG_ANALYZER_NUMBER_OBJECT_CONVERSION = YES_AGGRESSIVE;
				CLANG_CXX_LANGUAGE_STANDARD = "gnu++14";
				CLANG_CXX_LIBRARY = "libc++";
				CLANG_ENABLE_MODULES = YES;
				CLANG_ENABLE_OBJC_ARC = YES;
				CLANG_WARN_BLOCK_CAPTURE_AUTORELEASING = YES;
				CLANG_WARN_BOOL_CONVERSION = YES;
				CLANG_WARN_COMMA = YES;
				CLANG_WARN_CONSTANT_CONVERSION = YES;
				CLANG_WARN_DIRECT_OBJC_ISA_USAGE = YES_ERROR;
				CLANG_WARN_DOCUMENTATION_COMMENTS = YES;
				CLANG_WARN_EMPTY_BODY = YES;
				CLANG_WARN_ENUM_CONVERSION = YES;
				CLANG_WARN_INFINITE_RECURSION = YES;
				CLANG_WARN_INT_CONVERSION = YES;
				CLANG_WARN_NON_LITERAL_NULL_CONVERSION = YES;
				CLANG_WARN_OBJC_LITERAL_CONVERSION = YES;
				CLANG_WARN_OBJC_ROOT_CLASS = YES_ERROR;
				CLANG_WARN_RANGE_LOOP_ANALYSIS = YES;
				CLANG_WARN_STRICT_PROTOTYPES = YES;
				CLANG_WARN_SUSPICIOUS_MOVE = YES;
				CLANG_WARN_UNGUARDED_AVAILABILITY = YES_AGGRESSIVE;
				CLANG_WARN_UNREACHABLE_CODE = YES;
				CLANG_WARN__DUPLICATE_METHOD_MATCH = YES;
				CODE_SIGN_IDENTITY = "Mac Developer";
				COPY_PHASE_STRIP = NO;
				DEBUG_INFORMATION_FORMAT = "dwarf-with-dsym";
				ENABLE_NS_ASSERTIONS = NO;
				ENABLE_STRICT_OBJC_MSGSEND = YES;
				GCC_C_LANGUAGE_STANDARD = gnu11;
				GCC_NO_COMMON_BLOCKS = YES;
				GCC_WARN_64_TO_32_BIT_CONVERSION = YES;
				GCC_WARN_ABOUT_RETURN_TYPE = YES_ERROR;
				GCC_WARN_UNDECLARED_SELECTOR = YES;
				GCC_WARN_UNINITIALIZED_AUTOS = YES_AGGRESSIVE;
				GCC_WARN_UNUSED_FUNCTION = YES;
				GCC_WARN_UNUSED_VARIABLE = YES;
				MACOSX_DEPLOYMENT_TARGET = 10.13;
				MTL_ENABLE_DEBUG_INFO = NO;
				SDKROOT = macosx;
				SWIFT_OPTIMIZATION_LEVEL = "-Owholemodule";
			};
			name = Release;
		};
		4C5BF786202CB3F400493A9F /* Debug */ = {
			isa = XCBuildConfiguration;
			buildSettings = {
				ASSETCATALOG_COMPILER_APPICON_NAME = AppIcon;
				CODE_SIGN_ENTITLEMENTS = RepoDemo/RepoDemo.entitlements;
				CODE_SIGN_STYLE = Automatic;
				COMBINE_HIDPI_IMAGES = YES;
				DEVELOPMENT_TEAM = CE33WK297P;
				INFOPLIST_FILE = RepoDemo/Info.plist;
				LD_RUNPATH_SEARCH_PATHS = "$(inherited) @executable_path/../Frameworks";
				PRODUCT_BUNDLE_IDENTIFIER = michaelkroth.com.RepoDemo;
				PRODUCT_NAME = "$(TARGET_NAME)";
				SWIFT_VERSION = 4.0;
			};
			name = Debug;
		};
		4C5BF787202CB3F400493A9F /* Release */ = {
			isa = XCBuildConfiguration;
			buildSettings = {
				ASSETCATALOG_COMPILER_APPICON_NAME = AppIcon;
				CODE_SIGN_ENTITLEMENTS = RepoDemo/RepoDemo.entitlements;
				CODE_SIGN_STYLE = Automatic;
				COMBINE_HIDPI_IMAGES = YES;
				DEVELOPMENT_TEAM = CE33WK297P;
				INFOPLIST_FILE = RepoDemo/Info.plist;
				LD_RUNPATH_SEARCH_PATHS = "$(inherited) @executable_path/../Frameworks";
				PRODUCT_BUNDLE_IDENTIFIER = michaelkroth.com.RepoDemo;
				PRODUCT_NAME = "$(TARGET_NAME)";
				SWIFT_VERSION = 4.0;
			};
			name = Release;
		};
/* End XCBuildConfiguration section */

/* Begin XCConfigurationList section */
		4C5BF76A202CB3F400493A9F /* Build configuration list for PBXProject "RepoDemo" */ = {
			isa = XCConfigurationList;
			buildConfigurations = (
				4C5BF783202CB3F400493A9F /* Debug */,
				4C5BF784202CB3F400493A9F /* Release */,
			);
			defaultConfigurationIsVisible = 0;
			defaultConfigurationName = Release;
		};
		4C5BF785202CB3F400493A9F /* Build configuration list for PBXNativeTarget "RepoDemo" */ = {
			isa = XCConfigurationList;
			buildConfigurations = (
				4C5BF786202CB3F400493A9F /* Debug */,
				4C5BF787202CB3F400493A9F /* Release */,
			);
			defaultConfigurationIsVisible = 0;
			defaultConfigurationName = Release;
		};
/* End XCConfigurationList section */
	};
	rootObject = 4C5BF767202CB3F400493A9F /* Project object */;
}
